
Microsoft Visual Studio Solution File, Format Version 12.00
# Visual Studio Version 17
VisualStudioVersion = 17.9.34714.143
MinimumVisualStudioVersion = 10.0.40219.1
Project("{9A19103F-16F7-4668-BE54-9A1E7A4F7556}") = "CMSApp.BL", "CMSApp.BL\CMSApp.BL.csproj", "{4D443865-5454-41BC-BCEC-F666CB269AFE}"
EndProject
Project("{2150E333-8FDC-42A3-9474-1A3956D46DE8}") = "test", "test", "{20B2E147-7A6C-496E-AED0-4B35F5961125}"
EndProject
Project("{9A19103F-16F7-4668-BE54-9A1E7A4F7556}") = "CMSApp.BLTest", "Test\CMSApp.BLTest\CMSApp.BLTest.csproj", "{2EF9BE60-64A2-4BC6-8DA0-837DEFCB945F}"
EndProject
Global
	GlobalSection(SolutionConfigurationPlatforms) = preSolution
		Debug|Any CPU = Debug|Any CPU
		Release|Any CPU = Release|Any CPU
	EndGlobalSection
	GlobalSection(ProjectConfigurationPlatforms) = postSolution
		{4D443865-5454-41BC-BCEC-F666CB269AFE}.Debug|Any CPU.ActiveCfg = Debug|Any CPU
		{4D443865-5454-41BC-BCEC-F666CB269AFE}.Debug|Any CPU.Build.0 = Debug|Any CPU
		{4D443865-5454-41BC-BCEC-F666CB269AFE}.Release|Any CPU.ActiveCfg = Release|Any CPU
		{4D443865-5454-41BC-BCEC-F666CB269AFE}.Release|Any CPU.Build.0 = Release|Any CPU
		{2EF9BE60-64A2-4BC6-8DA0-837DEFCB945F}.Debug|Any CPU.ActiveCfg = Debug|Any CPU
		{2EF9BE60-64A2-4BC6-8DA0-837DEFCB945F}.Debug|Any CPU.Build.0 = Debug|Any CPU
		{2EF9BE60-64A2-4BC6-8DA0-837DEFCB945F}.Release|Any CPU.ActiveCfg = Release|Any CPU
		{2EF9BE60-64A2-4BC6-8DA0-837DEFCB945F}.Release|Any CPU.Build.0 = Release|Any CPU
	EndGlobalSection
	GlobalSection(SolutionProperties) = preSolution
		HideSolutionNode = FALSE
	EndGlobalSection
	GlobalSection(NestedProjects) = preSolution
		{2EF9BE60-64A2-4BC6-8DA0-837DEFCB945F} = {20B2E147-7A6C-496E-AED0-4B35F5961125}
	EndGlobalSection
	GlobalSection(ExtensibilityGlobals) = postSolution
		SolutionGuid = {F49112B8-E753-46EC-A64C-236E4E507C78}
	EndGlobalSection
EndGlobal
